<Solution>
  <Project Path="Fishbone.Core/Fishbone.Core.csproj" />
  <Project Path="Fishbone.Interpreter.Tests/Fishbone.Interpreter.Tests.csproj" />
  <Project Path="Fishbone.Interpreter/Fishbone.Interpreter.csproj" />
  <Project Path="Fishbone.Parser.Tests/Fishbone.Parser.Tests.csproj" />
  <Project Path="Fishbone.Parser/Fishbone.Parser.csproj" />
</Solution>
